{
    "_readme": [
        "This file locks the dependencies of your project to a known state",
        "Read more about it at https://getcomposer.org/doc/01-basic-usage.md#composer-lock-the-lock-file",
        "This file is @generated automatically"
    ],
    "content-hash": "d5a7f7e351d9d0e8599eda59c06e15dc",
    "packages": [
        {
            "name": "linkorb/boost",
            "version": "v1.2.0",
            "source": {
                "type": "git",
                "url": "https://github.com/linkorb/boost.git",
                "reference": "936f0cff56c6421ae6eb41d12f2cb2d455cc9d2b"
            },
            "dist": {
                "type": "zip",
                "url": "https://api.github.com/repos/linkorb/boost/zipball/936f0cff56c6421ae6eb41d12f2cb2d455cc9d2b",
                "reference": "936f0cff56c6421ae6eb41d12f2cb2d455cc9d2b",
                "shasum": ""
            },
            "type": "library",
            "autoload": {
                "psr-4": {
                    "Boost\\": "src/"
                }
            },
            "notification-url": "https://packagist.org/downloads/",
            "license": [
                "MIT"
            ],
            "authors": [
                {
                    "name": "Joost Faassen",
                    "email": "j.faassen@linkorb.com",
                    "homepage": "http://www.linkorb.com",
                    "role": "Developer"
                }
            ],
            "description": "PHP Utils for ninjas, warlocks and code-monkeys",
            "keywords": [
                "accessors",
                "code-monkey",
                "linkorb",
                "magic",
                "ninja",
                "php",
                "warlock"
            ],
            "time": "2016-11-06T10:54:20+00:00"
        }
    ],
    "packages-dev": [
        {
            "name": "symfony/dotenv",
            "version": "v3.3.0",
            "source": {
                "type": "git",
                "url": "https://github.com/symfony/dotenv.git",
                "reference": "0f9d2e0545f79ac58e5ac473792a4e37d71cbd59"
            },
            "dist": {
                "type": "zip",
                "url": "https://api.github.com/repos/symfony/dotenv/zipball/0f9d2e0545f79ac58e5ac473792a4e37d71cbd59",
                "reference": "0f9d2e0545f79ac58e5ac473792a4e37d71cbd59",
                "shasum": ""
            },
            "require": {
                "php": ">=5.5.9"
            },
            "require-dev": {
                "symfony/process": "^3.2"
            },
            "type": "library",
            "extra": {
                "branch-alias": {
                    "dev-master": "3.3-dev"
                }
            },
            "autoload": {
                "psr-4": {
                    "Symfony\\Component\\Dotenv\\": ""
                },
                "exclude-from-classmap": [
                    "/Tests/"
                ]
            },
            "notification-url": "https://packagist.org/downloads/",
            "license": [
                "MIT"
            ],
            "authors": [
                {
                    "name": "Fabien Potencier",
                    "email": "fabien@symfony.com"
                },
                {
                    "name": "Symfony Community",
                    "homepage": "https://symfony.com/contributors"
                }
            ],
            "description": "Registers environment variables from a .env file",
            "homepage": "https://symfony.com",
            "keywords": [
                "dotenv",
                "env",
                "environment"
            ],
            "time": "2017-04-27T07:47:28+00:00"
        }
    ],
    "aliases": [],
    "minimum-stability": "stable",
    "stability-flags": [],
    "prefer-stable": false,
    "prefer-lowest": false,
    "platform": {
        "php": ">=5.3.0"
    },
    "platform-dev": []
}
